
Microsoft Visual Studio Solution File, Format Version 12.00
# Visual Studio Version 16
VisualStudioVersion = 16.0.29911.98
MinimumVisualStudioVersion = 10.0.40219.1
Project("{9A19103F-16F7-4668-BE54-9A1E7A4F7556}") = "Travel.common", "Travel.common\Travel.common.csproj", "{6589E7D6-5116-4E3D-B914-6567750B6391}"
EndProject
Project("{9A19103F-16F7-4668-BE54-9A1E7A4F7556}") = "Travel.Web", "Travel.Web\Travel.Web.csproj", "{4471A3AC-1250-4439-B1AF-BABFEEAC160E}"
EndProject
Project("{FAE04EC0-301F-11D3-BF4B-00C04F79EFBC}") = "Travel.Prism", "Travel.Prism\Travel.Prism\Travel.Prism.csproj", "{DAF6CA51-4796-4A01-BE9C-31444C9546D3}"
EndProject
Project("{FAE04EC0-301F-11D3-BF4B-00C04F79EFBC}") = "Travel.Prism.Android", "Travel.Prism\Travel.Prism.Android\Travel.Prism.Android.csproj", "{312D77D6-F8A0-41DE-872F-CE438418B208}"
EndProject
Project("{FAE04EC0-301F-11D3-BF4B-00C04F79EFBC}") = "Travel.Prism.iOS", "Travel.Prism\Travel.Prism.iOS\Travel.Prism.iOS.csproj", "{D2B31094-CCF6-4CD8-9D36-DE06E7BF7C46}"
EndProject
Project("{FAE04EC0-301F-11D3-BF4B-00C04F79EFBC}") = "Travel.Cross.Android", "Travel.Cross.Android\Travel.Cross.Android.csproj", "{78399EF7-6CCB-495B-9BD6-FFDF2DB1740F}"
EndProject
Project("{FAE04EC0-301F-11D3-BF4B-00C04F79EFBC}") = "Travel.Cross.iOS", "Travel.Cross.iOS\Travel.Cross.iOS.csproj", "{C30BD304-A844-4254-AC67-FD9ED78A699E}"
EndProject
Global
	GlobalSection(SolutionConfigurationPlatforms) = preSolution
		Ad-Hoc|Any CPU = Ad-Hoc|Any CPU
		Ad-Hoc|iPhone = Ad-Hoc|iPhone
		Ad-Hoc|iPhoneSimulator = Ad-Hoc|iPhoneSimulator
		AppStore|Any CPU = AppStore|Any CPU
		AppStore|iPhone = AppStore|iPhone
		AppStore|iPhoneSimulator = AppStore|iPhoneSimulator
		Debug|Any CPU = Debug|Any CPU
		Debug|iPhone = Debug|iPhone
		Debug|iPhoneSimulator = Debug|iPhoneSimulator
		Release|Any CPU = Release|Any CPU
		Release|iPhone = Release|iPhone
		Release|iPhoneSimulator = Release|iPhoneSimulator
	EndGlobalSection
	GlobalSection(ProjectConfigurationPlatforms) = postSolution
		{6589E7D6-5116-4E3D-B914-6567750B6391}.Ad-Hoc|Any CPU.ActiveCfg = Release|Any CPU
		{6589E7D6-5116-4E3D-B914-6567750B6391}.Ad-Hoc|Any CPU.Build.0 = Release|Any CPU
		{6589E7D6-5116-4E3D-B914-6567750B6391}.Ad-Hoc|iPhone.ActiveCfg = Release|Any CPU
		{6589E7D6-5116-4E3D-B914-6567750B6391}.Ad-Hoc|iPhone.Build.0 = Release|Any CPU
		{6589E7D6-5116-4E3D-B914-6567750B6391}.Ad-Hoc|iPhoneSimulator.ActiveCfg = Release|Any CPU
		{6589E7D6-5116-4E3D-B914-6567750B6391}.Ad-Hoc|iPhoneSimulator.Build.0 = Release|Any CPU
		{6589E7D6-5116-4E3D-B914-6567750B6391}.AppStore|Any CPU.ActiveCfg = Release|Any CPU
		{6589E7D6-5116-4E3D-B914-6567750B6391}.AppStore|Any CPU.Build.0 = Release|Any CPU
		{6589E7D6-5116-4E3D-B914-6567750B6391}.AppStore|iPhone.ActiveCfg = Release|Any CPU
		{6589E7D6-5116-4E3D-B914-6567750B6391}.AppStore|iPhone.Build.0 = Release|Any CPU
		{6589E7D6-5116-4E3D-B914-6567750B6391}.AppStore|iPhoneSimulator.ActiveCfg = Release|Any CPU
		{6589E7D6-5116-4E3D-B914-6567750B6391}.AppStore|iPhoneSimulator.Build.0 = Release|Any CPU
		{6589E7D6-5116-4E3D-B914-6567750B6391}.Debug|Any CPU.ActiveCfg = Debug|Any CPU
		{6589E7D6-5116-4E3D-B914-6567750B6391}.Debug|Any CPU.Build.0 = Debug|Any CPU
		{6589E7D6-5116-4E3D-B914-6567750B6391}.Debug|iPhone.ActiveCfg = Debug|Any CPU
		{6589E7D6-5116-4E3D-B914-6567750B6391}.Debug|iPhone.Build.0 = Debug|Any CPU
		{6589E7D6-5116-4E3D-B914-6567750B6391}.Debug|iPhoneSimulator.ActiveCfg = Debug|Any CPU
		{6589E7D6-5116-4E3D-B914-6567750B6391}.Debug|iPhoneSimulator.Build.0 = Debug|Any CPU
		{6589E7D6-5116-4E3D-B914-6567750B6391}.Release|Any CPU.ActiveCfg = Release|Any CPU
		{6589E7D6-5116-4E3D-B914-6567750B6391}.Release|Any CPU.Build.0 = Release|Any CPU
		{6589E7D6-5116-4E3D-B914-6567750B6391}.Release|iPhone.ActiveCfg = Release|Any CPU
		{6589E7D6-5116-4E3D-B914-6567750B6391}.Release|iPhone.Build.0 = Release|Any CPU
		{6589E7D6-5116-4E3D-B914-6567750B6391}.Release|iPhoneSimulator.ActiveCfg = Release|Any CPU
		{6589E7D6-5116-4E3D-B914-6567750B6391}.Release|iPhoneSimulator.Build.0 = Release|Any CPU
		{4471A3AC-1250-4439-B1AF-BABFEEAC160E}.Ad-Hoc|Any CPU.ActiveCfg = Release|Any CPU
		{4471A3AC-1250-4439-B1AF-BABFEEAC160E}.Ad-Hoc|Any CPU.Build.0 = Release|Any CPU
		{4471A3AC-1250-4439-B1AF-BABFEEAC160E}.Ad-Hoc|iPhone.ActiveCfg = Release|Any CPU
		{4471A3AC-1250-4439-B1AF-BABFEEAC160E}.Ad-Hoc|iPhone.Build.0 = Release|Any CPU
		{4471A3AC-1250-4439-B1AF-BABFEEAC160E}.Ad-Hoc|iPhoneSimulator.ActiveCfg = Release|Any CPU
		{4471A3AC-1250-4439-B1AF-BABFEEAC160E}.Ad-Hoc|iPhoneSimulator.Build.0 = Release|Any CPU
		{4471A3AC-1250-4439-B1AF-BABFEEAC160E}.AppStore|Any CPU.ActiveCfg = Release|Any CPU
		{4471A3AC-1250-4439-B1AF-BABFEEAC160E}.AppStore|Any CPU.Build.0 = Release|Any CPU
		{4471A3AC-1250-4439-B1AF-BABFEEAC160E}.AppStore|iPhone.ActiveCfg = Release|Any CPU
		{4471A3AC-1250-4439-B1AF-BABFEEAC160E}.AppStore|iPhone.Build.0 = Release|Any CPU
		{4471A3AC-1250-4439-B1AF-BABFEEAC160E}.AppStore|iPhoneSimulator.ActiveCfg = Release|Any CPU
		{4471A3AC-1250-4439-B1AF-BABFEEAC160E}.AppStore|iPhoneSimulator.Build.0 = Release|Any CPU
		{4471A3AC-1250-4439-B1AF-BABFEEAC160E}.Debug|Any CPU.ActiveCfg = Debug|Any CPU
		{4471A3AC-1250-4439-B1AF-BABFEEAC160E}.Debug|Any CPU.Build.0 = Debug|Any CPU
		{4471A3AC-1250-4439-B1AF-BABFEEAC160E}.Debug|iPhone.ActiveCfg = Debug|Any CPU
		{4471A3AC-1250-4439-B1AF-BABFEEAC160E}.Debug|iPhone.Build.0 = Debug|Any CPU
		{4471A3AC-1250-4439-B1AF-BABFEEAC160E}.Debug|iPhoneSimulator.ActiveCfg = Debug|Any CPU
		{4471A3AC-1250-4439-B1AF-BABFEEAC160E}.Debug|iPhoneSimulator.Build.0 = Debug|Any CPU
		{4471A3AC-1250-4439-B1AF-BABFEEAC160E}.Release|Any CPU.ActiveCfg = Release|Any CPU
		{4471A3AC-1250-4439-B1AF-BABFEEAC160E}.Release|Any CPU.Build.0 = Release|Any CPU
		{4471A3AC-1250-4439-B1AF-BABFEEAC160E}.Release|iPhone.ActiveCfg = Release|Any CPU
		{4471A3AC-1250-4439-B1AF-BABFEEAC160E}.Release|iPhone.Build.0 = Release|Any CPU
		{4471A3AC-1250-4439-B1AF-BABFEEAC160E}.Release|iPhoneSimulator.ActiveCfg = Release|Any CPU
		{4471A3AC-1250-4439-B1AF-BABFEEAC160E}.Release|iPhoneSimulator.Build.0 = Release|Any CPU
		{DAF6CA51-4796-4A01-BE9C-31444C9546D3}.Ad-Hoc|Any CPU.ActiveCfg = Debug|Any CPU
		{DAF6CA51-4796-4A01-BE9C-31444C9546D3}.Ad-Hoc|Any CPU.Build.0 = Debug|Any CPU
		{DAF6CA51-4796-4A01-BE9C-31444C9546D3}.Ad-Hoc|iPhone.ActiveCfg = Debug|Any CPU
		{DAF6CA51-4796-4A01-BE9C-31444C9546D3}.Ad-Hoc|iPhone.Build.0 = Debug|Any CPU
		{DAF6CA51-4796-4A01-BE9C-31444C9546D3}.Ad-Hoc|iPhoneSimulator.ActiveCfg = Debug|Any CPU
		{DAF6CA51-4796-4A01-BE9C-31444C9546D3}.Ad-Hoc|iPhoneSimulator.Build.0 = Debug|Any CPU
		{DAF6CA51-4796-4A01-BE9C-31444C9546D3}.AppStore|Any CPU.ActiveCfg = Debug|Any CPU
		{DAF6CA51-4796-4A01-BE9C-31444C9546D3}.AppStore|Any CPU.Build.0 = Debug|Any CPU
		{DAF6CA51-4796-4A01-BE9C-31444C9546D3}.AppStore|iPhone.ActiveCfg = Debug|Any CPU
		{DAF6CA51-4796-4A01-BE9C-31444C9546D3}.AppStore|iPhone.Build.0 = Debug|Any CPU
		{DAF6CA51-4796-4A01-BE9C-31444C9546D3}.AppStore|iPhoneSimulator.ActiveCfg = Debug|Any CPU
		{DAF6CA51-4796-4A01-BE9C-31444C9546D3}.AppStore|iPhoneSimulator.Build.0 = Debug|Any CPU
		{DAF6CA51-4796-4A01-BE9C-31444C9546D3}.Debug|Any CPU.ActiveCfg = Debug|Any CPU
		{DAF6CA51-4796-4A01-BE9C-31444C9546D3}.Debug|Any CPU.Build.0 = Debug|Any CPU
		{DAF6CA51-4796-4A01-BE9C-31444C9546D3}.Debug|iPhone.ActiveCfg = Debug|Any CPU
		{DAF6CA51-4796-4A01-BE9C-31444C9546D3}.Debug|iPhone.Build.0 = Debug|Any CPU
		{DAF6CA51-4796-4A01-BE9C-31444C9546D3}.Debug|iPhoneSimulator.ActiveCfg = Debug|Any CPU
		{DAF6CA51-4796-4A01-BE9C-31444C9546D3}.Debug|iPhoneSimulator.Build.0 = Debug|Any CPU
		{DAF6CA51-4796-4A01-BE9C-31444C9546D3}.Release|Any CPU.ActiveCfg = Release|Any CPU
		{DAF6CA51-4796-4A01-BE9C-31444C9546D3}.Release|Any CPU.Build.0 = Release|Any CPU
		{DAF6CA51-4796-4A01-BE9C-31444C9546D3}.Release|iPhone.ActiveCfg = Release|Any CPU
		{DAF6CA51-4796-4A01-BE9C-31444C9546D3}.Release|iPhone.Build.0 = Release|Any CPU
		{DAF6CA51-4796-4A01-BE9C-31444C9546D3}.Release|iPhoneSimulator.ActiveCfg = Release|Any CPU
		{DAF6CA51-4796-4A01-BE9C-31444C9546D3}.Release|iPhoneSimulator.Build.0 = Release|Any CPU
		{312D77D6-F8A0-41DE-872F-CE438418B208}.Ad-Hoc|Any CPU.ActiveCfg = Release|Any CPU
		{312D77D6-F8A0-41DE-872F-CE438418B208}.Ad-Hoc|Any CPU.Build.0 = Release|Any CPU
		{312D77D6-F8A0-41DE-872F-CE438418B208}.Ad-Hoc|Any CPU.Deploy.0 = Release|Any CPU
		{312D77D6-F8A0-41DE-872F-CE438418B208}.Ad-Hoc|iPhone.ActiveCfg = Release|Any CPU
		{312D77D6-F8A0-41DE-872F-CE438418B208}.Ad-Hoc|iPhone.Build.0 = Release|Any CPU
		{312D77D6-F8A0-41DE-872F-CE438418B208}.Ad-Hoc|iPhone.Deploy.0 = Release|Any CPU
		{312D77D6-F8A0-41DE-872F-CE438418B208}.Ad-Hoc|iPhoneSimulator.ActiveCfg = Release|Any CPU
		{312D77D6-F8A0-41DE-872F-CE438418B208}.Ad-Hoc|iPhoneSimulator.Build.0 = Release|Any CPU
		{312D77D6-F8A0-41DE-872F-CE438418B208}.Ad-Hoc|iPhoneSimulator.Deploy.0 = Release|Any CPU
		{312D77D6-F8A0-41DE-872F-CE438418B208}.AppStore|Any CPU.ActiveCfg = Release|Any CPU
		{312D77D6-F8A0-41DE-872F-CE438418B208}.AppStore|Any CPU.Build.0 = Release|Any CPU
		{312D77D6-F8A0-41DE-872F-CE438418B208}.AppStore|Any CPU.Deploy.0 = Release|Any CPU
		{312D77D6-F8A0-41DE-872F-CE438418B208}.AppStore|iPhone.ActiveCfg = Release|Any CPU
		{312D77D6-F8A0-41DE-872F-CE438418B208}.AppStore|iPhone.Build.0 = Release|Any CPU
		{312D77D6-F8A0-41DE-872F-CE438418B208}.AppStore|iPhone.Deploy.0 = Release|Any CPU
		{312D77D6-F8A0-41DE-872F-CE438418B208}.AppStore|iPhoneSimulator.ActiveCfg = Release|Any CPU
		{312D77D6-F8A0-41DE-872F-CE438418B208}.AppStore|iPhoneSimulator.Build.0 = Release|Any CPU
		{312D77D6-F8A0-41DE-872F-CE438418B208}.AppStore|iPhoneSimulator.Deploy.0 = Release|Any CPU
		{312D77D6-F8A0-41DE-872F-CE438418B208}.Debug|Any CPU.ActiveCfg = Debug|Any CPU
		{312D77D6-F8A0-41DE-872F-CE438418B208}.Debug|Any CPU.Build.0 = Debug|Any CPU
		{312D77D6-F8A0-41DE-872F-CE438418B208}.Debug|Any CPU.Deploy.0 = Debug|Any CPU
		{312D77D6-F8A0-41DE-872F-CE438418B208}.Debug|iPhone.ActiveCfg = Debug|Any CPU
		{312D77D6-F8A0-41DE-872F-CE438418B208}.Debug|iPhone.Build.0 = Debug|Any CPU
		{312D77D6-F8A0-41DE-872F-CE438418B208}.Debug|iPhone.Deploy.0 = Debug|Any CPU
		{312D77D6-F8A0-41DE-872F-CE438418B208}.Debug|iPhoneSimulator.ActiveCfg = Debug|Any CPU
		{312D77D6-F8A0-41DE-872F-CE438418B208}.Debug|iPhoneSimulator.Build.0 = Debug|Any CPU
		{312D77D6-F8A0-41DE-872F-CE438418B208}.Debug|iPhoneSimulator.Deploy.0 = Debug|Any CPU
		{312D77D6-F8A0-41DE-872F-CE438418B208}.Release|Any CPU.ActiveCfg = Release|Any CPU
		{312D77D6-F8A0-41DE-872F-CE438418B208}.Release|Any CPU.Build.0 = Release|Any CPU
		{312D77D6-F8A0-41DE-872F-CE438418B208}.Release|Any CPU.Deploy.0 = Release|Any CPU
		{312D77D6-F8A0-41DE-872F-CE438418B208}.Release|iPhone.ActiveCfg = Release|Any CPU
		{312D77D6-F8A0-41DE-872F-CE438418B208}.Release|iPhone.Build.0 = Release|Any CPU
		{312D77D6-F8A0-41DE-872F-CE438418B208}.Release|iPhone.Deploy.0 = Release|Any CPU
		{312D77D6-F8A0-41DE-872F-CE438418B208}.Release|iPhoneSimulator.ActiveCfg = Release|Any CPU
		{312D77D6-F8A0-41DE-872F-CE438418B208}.Release|iPhoneSimulator.Build.0 = Release|Any CPU
		{312D77D6-F8A0-41DE-872F-CE438418B208}.Release|iPhoneSimulator.Deploy.0 = Release|Any CPU
		{D2B31094-CCF6-4CD8-9D36-DE06E7BF7C46}.Ad-Hoc|Any CPU.ActiveCfg = Ad-Hoc|iPhone
		{D2B31094-CCF6-4CD8-9D36-DE06E7BF7C46}.Ad-Hoc|iPhone.ActiveCfg = Ad-Hoc|iPhone
		{D2B31094-CCF6-4CD8-9D36-DE06E7BF7C46}.Ad-Hoc|iPhone.Build.0 = Ad-Hoc|iPhone
		{D2B31094-CCF6-4CD8-9D36-DE06E7BF7C46}.Ad-Hoc|iPhoneSimulator.ActiveCfg = Ad-Hoc|iPhoneSimulator
		{D2B31094-CCF6-4CD8-9D36-DE06E7BF7C46}.Ad-Hoc|iPhoneSimulator.Build.0 = Ad-Hoc|iPhoneSimulator
		{D2B31094-CCF6-4CD8-9D36-DE06E7BF7C46}.AppStore|Any CPU.ActiveCfg = AppStore|iPhone
		{D2B31094-CCF6-4CD8-9D36-DE06E7BF7C46}.AppStore|iPhone.ActiveCfg = AppStore|iPhone
		{D2B31094-CCF6-4CD8-9D36-DE06E7BF7C46}.AppStore|iPhone.Build.0 = AppStore|iPhone
		{D2B31094-CCF6-4CD8-9D36-DE06E7BF7C46}.AppStore|iPhoneSimulator.ActiveCfg = AppStore|iPhoneSimulator
		{D2B31094-CCF6-4CD8-9D36-DE06E7BF7C46}.AppStore|iPhoneSimulator.Build.0 = AppStore|iPhoneSimulator
		{D2B31094-CCF6-4CD8-9D36-DE06E7BF7C46}.Debug|Any CPU.ActiveCfg = Debug|iPhone
		{D2B31094-CCF6-4CD8-9D36-DE06E7BF7C46}.Debug|iPhone.ActiveCfg = Debug|iPhone
		{D2B31094-CCF6-4CD8-9D36-DE06E7BF7C46}.Debug|iPhone.Build.0 = Debug|iPhone
		{D2B31094-CCF6-4CD8-9D36-DE06E7BF7C46}.Debug|iPhoneSimulator.ActiveCfg = Debug|iPhoneSimulator
		{D2B31094-CCF6-4CD8-9D36-DE06E7BF7C46}.Debug|iPhoneSimulator.Build.0 = Debug|iPhoneSimulator
		{D2B31094-CCF6-4CD8-9D36-DE06E7BF7C46}.Release|Any CPU.ActiveCfg = Release|iPhone
		{D2B31094-CCF6-4CD8-9D36-DE06E7BF7C46}.Release|iPhone.ActiveCfg = Release|iPhone
		{D2B31094-CCF6-4CD8-9D36-DE06E7BF7C46}.Release|iPhone.Build.0 = Release|iPhone
		{D2B31094-CCF6-4CD8-9D36-DE06E7BF7C46}.Release|iPhoneSimulator.ActiveCfg = Release|iPhoneSimulator
		{D2B31094-CCF6-4CD8-9D36-DE06E7BF7C46}.Release|iPhoneSimulator.Build.0 = Release|iPhoneSimulator
		{78399EF7-6CCB-495B-9BD6-FFDF2DB1740F}.Ad-Hoc|Any CPU.ActiveCfg = Release|Any CPU
		{78399EF7-6CCB-495B-9BD6-FFDF2DB1740F}.Ad-Hoc|Any CPU.Build.0 = Release|Any CPU
		{78399EF7-6CCB-495B-9BD6-FFDF2DB1740F}.Ad-Hoc|Any CPU.Deploy.0 = Release|Any CPU
		{78399EF7-6CCB-495B-9BD6-FFDF2DB1740F}.Ad-Hoc|iPhone.ActiveCfg = Release|Any CPU
		{78399EF7-6CCB-495B-9BD6-FFDF2DB1740F}.Ad-Hoc|iPhone.Build.0 = Release|Any CPU
		{78399EF7-6CCB-495B-9BD6-FFDF2DB1740F}.Ad-Hoc|iPhone.Deploy.0 = Release|Any CPU
		{78399EF7-6CCB-495B-9BD6-FFDF2DB1740F}.Ad-Hoc|iPhoneSimulator.ActiveCfg = Release|Any CPU
		{78399EF7-6CCB-495B-9BD6-FFDF2DB1740F}.Ad-Hoc|iPhoneSimulator.Build.0 = Release|Any CPU
		{78399EF7-6CCB-495B-9BD6-FFDF2DB1740F}.Ad-Hoc|iPhoneSimulator.Deploy.0 = Release|Any CPU
		{78399EF7-6CCB-495B-9BD6-FFDF2DB1740F}.AppStore|Any CPU.ActiveCfg = Release|Any CPU
		{78399EF7-6CCB-495B-9BD6-FFDF2DB1740F}.AppStore|Any CPU.Build.0 = Release|Any CPU
		{78399EF7-6CCB-495B-9BD6-FFDF2DB1740F}.AppStore|Any CPU.Deploy.0 = Release|Any CPU
		{78399EF7-6CCB-495B-9BD6-FFDF2DB1740F}.AppStore|iPhone.ActiveCfg = Release|Any CPU
		{78399EF7-6CCB-495B-9BD6-FFDF2DB1740F}.AppStore|iPhone.Build.0 = Release|Any CPU
		{78399EF7-6CCB-495B-9BD6-FFDF2DB1740F}.AppStore|iPhone.Deploy.0 = Release|Any CPU
		{78399EF7-6CCB-495B-9BD6-FFDF2DB1740F}.AppStore|iPhoneSimulator.ActiveCfg = Release|Any CPU
		{78399EF7-6CCB-495B-9BD6-FFDF2DB1740F}.AppStore|iPhoneSimulator.Build.0 = Release|Any CPU
		{78399EF7-6CCB-495B-9BD6-FFDF2DB1740F}.AppStore|iPhoneSimulator.Deploy.0 = Release|Any CPU
		{78399EF7-6CCB-495B-9BD6-FFDF2DB1740F}.Debug|Any CPU.ActiveCfg = Debug|Any CPU
		{78399EF7-6CCB-495B-9BD6-FFDF2DB1740F}.Debug|Any CPU.Build.0 = Debug|Any CPU
		{78399EF7-6CCB-495B-9BD6-FFDF2DB1740F}.Debug|Any CPU.Deploy.0 = Debug|Any CPU
		{78399EF7-6CCB-495B-9BD6-FFDF2DB1740F}.Debug|iPhone.ActiveCfg = Debug|Any CPU
		{78399EF7-6CCB-495B-9BD6-FFDF2DB1740F}.Debug|iPhone.Build.0 = Debug|Any CPU
		{78399EF7-6CCB-495B-9BD6-FFDF2DB1740F}.Debug|iPhone.Deploy.0 = Debug|Any CPU
		{78399EF7-6CCB-495B-9BD6-FFDF2DB1740F}.Debug|iPhoneSimulator.ActiveCfg = Debug|Any CPU
		{78399EF7-6CCB-495B-9BD6-FFDF2DB1740F}.Debug|iPhoneSimulator.Build.0 = Debug|Any CPU
		{78399EF7-6CCB-495B-9BD6-FFDF2DB1740F}.Debug|iPhoneSimulator.Deploy.0 = Debug|Any CPU
		{78399EF7-6CCB-495B-9BD6-FFDF2DB1740F}.Release|Any CPU.ActiveCfg = Release|Any CPU
		{78399EF7-6CCB-495B-9BD6-FFDF2DB1740F}.Release|Any CPU.Build.0 = Release|Any CPU
		{78399EF7-6CCB-495B-9BD6-FFDF2DB1740F}.Release|Any CPU.Deploy.0 = Release|Any CPU
		{78399EF7-6CCB-495B-9BD6-FFDF2DB1740F}.Release|iPhone.ActiveCfg = Release|Any CPU
		{78399EF7-6CCB-495B-9BD6-FFDF2DB1740F}.Release|iPhone.Build.0 = Release|Any CPU
		{78399EF7-6CCB-495B-9BD6-FFDF2DB1740F}.Release|iPhone.Deploy.0 = Release|Any CPU
		{78399EF7-6CCB-495B-9BD6-FFDF2DB1740F}.Release|iPhoneSimulator.ActiveCfg = Release|Any CPU
		{78399EF7-6CCB-495B-9BD6-FFDF2DB1740F}.Release|iPhoneSimulator.Build.0 = Release|Any CPU
		{78399EF7-6CCB-495B-9BD6-FFDF2DB1740F}.Release|iPhoneSimulator.Deploy.0 = Release|Any CPU
		{C30BD304-A844-4254-AC67-FD9ED78A699E}.Ad-Hoc|Any CPU.ActiveCfg = Release|iPhone
		{C30BD304-A844-4254-AC67-FD9ED78A699E}.Ad-Hoc|Any CPU.Build.0 = Release|iPhone
		{C30BD304-A844-4254-AC67-FD9ED78A699E}.Ad-Hoc|iPhone.ActiveCfg = Release|iPhone
		{C30BD304-A844-4254-AC67-FD9ED78A699E}.Ad-Hoc|iPhone.Build.0 = Release|iPhone
		{C30BD304-A844-4254-AC67-FD9ED78A699E}.Ad-Hoc|iPhoneSimulator.ActiveCfg = Release|iPhoneSimulator
		{C30BD304-A844-4254-AC67-FD9ED78A699E}.Ad-Hoc|iPhoneSimulator.Build.0 = Release|iPhoneSimulator
		{C30BD304-A844-4254-AC67-FD9ED78A699E}.AppStore|Any CPU.ActiveCfg = Release|iPhone
		{C30BD304-A844-4254-AC67-FD9ED78A699E}.AppStore|Any CPU.Build.0 = Release|iPhone
		{C30BD304-A844-4254-AC67-FD9ED78A699E}.AppStore|iPhone.ActiveCfg = Release|iPhone
		{C30BD304-A844-4254-AC67-FD9ED78A699E}.AppStore|iPhone.Build.0 = Release|iPhone
		{C30BD304-A844-4254-AC67-FD9ED78A699E}.AppStore|iPhoneSimulator.ActiveCfg = Release|iPhoneSimulator
		{C30BD304-A844-4254-AC67-FD9ED78A699E}.AppStore|iPhoneSimulator.Build.0 = Release|iPhoneSimulator
		{C30BD304-A844-4254-AC67-FD9ED78A699E}.Debug|Any CPU.ActiveCfg = Debug|iPhone
		{C30BD304-A844-4254-AC67-FD9ED78A699E}.Debug|iPhone.ActiveCfg = Debug|iPhone
		{C30BD304-A844-4254-AC67-FD9ED78A699E}.Debug|iPhone.Build.0 = Debug|iPhone
		{C30BD304-A844-4254-AC67-FD9ED78A699E}.Debug|iPhoneSimulator.ActiveCfg = Debug|iPhoneSimulator
		{C30BD304-A844-4254-AC67-FD9ED78A699E}.Debug|iPhoneSimulator.Build.0 = Debug|iPhoneSimulator
		{C30BD304-A844-4254-AC67-FD9ED78A699E}.Release|Any CPU.ActiveCfg = Release|iPhone
		{C30BD304-A844-4254-AC67-FD9ED78A699E}.Release|iPhone.ActiveCfg = Release|iPhone
		{C30BD304-A844-4254-AC67-FD9ED78A699E}.Release|iPhone.Build.0 = Release|iPhone
		{C30BD304-A844-4254-AC67-FD9ED78A699E}.Release|iPhoneSimulator.ActiveCfg = Release|iPhoneSimulator
		{C30BD304-A844-4254-AC67-FD9ED78A699E}.Release|iPhoneSimulator.Build.0 = Release|iPhoneSimulator
	EndGlobalSection
	GlobalSection(SolutionProperties) = preSolution
		HideSolutionNode = FALSE
	EndGlobalSection
	GlobalSection(ExtensibilityGlobals) = postSolution
		SolutionGuid = {9B59C7E8-CA81-4389-A528-F68437D17372}
	EndGlobalSection
EndGlobal
